<Solution>
  <Project Path="Tyuiu.GetsMA.Sprint2.Task4.V25.Lib/Tyuiu.GetsMA.Sprint2.Task4.V25.Lib.csproj" />
  <Project Path="Tyuiu.GetsMA.Sprint2.Task4.V25.Test/Tyuiu.GetsMA.Sprint2.Task4.V25.Test.csproj" />
  <Project Path="Tyuiu.GetsMA.Sprint2.Task4.V25/Tyuiu.GetsMA.Sprint2.Task4.V25.csproj" />
</Solution>
