<Solution>
  <Project Path="Tyuiu.GetsMA.Sprint2.Task1.V1.Lib/Tyuiu.GetsMA.Sprint2.Task1.V1.Lib.csproj" />
  <Project Path="Tyuiu.GetsMA.Sprint2.Task1.V1.Test/Tyuiu.GetsMA.Sprint2.Task1.V1.Test.csproj" />
  <Project Path="Tyuiu.GetsMA.Sprint2.Task1.V1/Tyuiu.GetsMA.Sprint2.Task1.V1.csproj" />
</Solution>
