<Solution>
  <Project Path="Tyuiu.GetsMA.Sprint2.Task6.V13.Lib/Tyuiu.GetsMA.Sprint2.Task6.V13.Lib.csproj" />
  <Project Path="Tyuiu.GetsMA.Sprint2.Task6.V13.Test/Tyuiu.GetsMA.Sprint2.Task6.V13.Test.csproj" />
  <Project Path="Tyuiu.GetsMA.Sprint2.Task6.V13/Tyuiu.GetsMA.Sprint2.Task6.V13.csproj" />
</Solution>
