<Solution>
  <Project Path="Tyuiu.GetsMA.Sprint2.Task3.V15.Lib/Tyuiu.GetsMA.Sprint2.Task3.V15.Lib.csproj" Id="a61d67fc-c3e2-49b2-aa65-ee9821887b21" />
  <Project Path="Tyuiu.GetsMA.Sprint2.Task3.V15.Test/Tyuiu.GetsMA.Sprint2.Task3.V15.Test.csproj" Id="d9e1f90b-7423-4a9d-81b1-e3fa2e62fa9a" />
  <Project Path="Tyuiu.GetsMA.Sprint2.Task3.V15/Tyuiu.GetsMA.Sprint2.Task3.V15.csproj" />
</Solution>
