<Solution>
  <Project Path="Tyuiu.Cources.Programming.Interfaces.Sprint2/Tyuiu.Cources.Programming.Interfaces.Sprint2.csproj" />
  <Project Path="Tyuiu.GetsMA.Sprint2.Task3.V19.Lib/Tyuiu.GetsMA.Sprint2.Task3.V19.Lib.csproj" />
  <Project Path="Tyuiu.GetsMA.Sprint2.Task3.V19.Test/Tyuiu.GetsMA.Sprint2.Task3.V19.Test.csproj" />
  <Project Path="Tyuiu.GetsMA.Sprint2.Task3.V19/Tyuiu.GetsMA.Sprint2.Task3.V19.csproj" />
</Solution>
